
Microsoft Visual Studio Solution File, Format Version 12.00
# Visual Studio Version 16
VisualStudioVersion = 16.0.29721.122
MinimumVisualStudioVersion = 10.0.40219.1
Project("{8BC9CEB8-8B4A-11D0-8D11-00A0C91BC942}") = "util", "util\util-metro.vcxproj", "{EFF8144D-F91E-4BBD-B09B-D6DB6B3A5512}"
EndProject
Project("{2150E333-8FDC-42A3-9474-1A3956D46DE8}") = "Build", "Build", "{755DCD0F-9F3C-4F0B-9256-F3EC63B80176}"
	ProjectSection(SolutionItems) = preProject
		..\msbuild\cpp.props = ..\msbuild\cpp.props
		..\msbuild\cpp.targets = ..\msbuild\cpp.targets
	EndProjectSection
EndProject
Project("{8BC9CEB8-8B4A-11D0-8D11-00A0C91BC942}") = "util.dxtex", "..\vendor\DirectXTex-metro.vcxproj", "{126607A1-C792-4C30-B015-FDE9DB0DF6E1}"
EndProject
Project("{8BC9CEB8-8B4A-11D0-8D11-00A0C91BC942}") = "util.png", "..\vendor\libpng-metro.vcxproj", "{CA264A31-ADE3-4721-B483-8082B1386F13}"
EndProject
Project("{8BC9CEB8-8B4A-11D0-8D11-00A0C91BC942}") = "util.zlib", "..\vendor\zlib-metro.vcxproj", "{839D0C2A-E8CC-4FD6-AA57-3A9CF3F700AC}"
EndProject
Global
	GlobalSection(SolutionConfigurationPlatforms) = preSolution
		Debug|Win32 = Debug|Win32
		Debug|x64 = Debug|x64
		Release|Win32 = Release|Win32
		Release|x64 = Release|x64
	EndGlobalSection
	GlobalSection(ProjectConfigurationPlatforms) = postSolution
		{EFF8144D-F91E-4BBD-B09B-D6DB6B3A5512}.Debug|Win32.ActiveCfg = Debug|Win32
		{EFF8144D-F91E-4BBD-B09B-D6DB6B3A5512}.Debug|Win32.Build.0 = Debug|Win32
		{EFF8144D-F91E-4BBD-B09B-D6DB6B3A5512}.Debug|x64.ActiveCfg = Debug|x64
		{EFF8144D-F91E-4BBD-B09B-D6DB6B3A5512}.Debug|x64.Build.0 = Debug|x64
		{EFF8144D-F91E-4BBD-B09B-D6DB6B3A5512}.Release|Win32.ActiveCfg = Release|Win32
		{EFF8144D-F91E-4BBD-B09B-D6DB6B3A5512}.Release|Win32.Build.0 = Release|Win32
		{EFF8144D-F91E-4BBD-B09B-D6DB6B3A5512}.Release|x64.ActiveCfg = Release|x64
		{EFF8144D-F91E-4BBD-B09B-D6DB6B3A5512}.Release|x64.Build.0 = Release|x64
		{126607A1-C792-4C30-B015-FDE9DB0DF6E1}.Debug|Win32.ActiveCfg = Debug|Win32
		{126607A1-C792-4C30-B015-FDE9DB0DF6E1}.Debug|Win32.Build.0 = Debug|Win32
		{126607A1-C792-4C30-B015-FDE9DB0DF6E1}.Debug|x64.ActiveCfg = Debug|x64
		{126607A1-C792-4C30-B015-FDE9DB0DF6E1}.Debug|x64.Build.0 = Debug|x64
		{126607A1-C792-4C30-B015-FDE9DB0DF6E1}.Release|Win32.ActiveCfg = Release|Win32
		{126607A1-C792-4C30-B015-FDE9DB0DF6E1}.Release|Win32.Build.0 = Release|Win32
		{126607A1-C792-4C30-B015-FDE9DB0DF6E1}.Release|x64.ActiveCfg = Release|x64
		{126607A1-C792-4C30-B015-FDE9DB0DF6E1}.Release|x64.Build.0 = Release|x64
		{CA264A31-ADE3-4721-B483-8082B1386F13}.Debug|Win32.ActiveCfg = Debug|Win32
		{CA264A31-ADE3-4721-B483-8082B1386F13}.Debug|Win32.Build.0 = Debug|Win32
		{CA264A31-ADE3-4721-B483-8082B1386F13}.Debug|x64.ActiveCfg = Debug|x64
		{CA264A31-ADE3-4721-B483-8082B1386F13}.Debug|x64.Build.0 = Debug|x64
		{CA264A31-ADE3-4721-B483-8082B1386F13}.Release|Win32.ActiveCfg = Release|Win32
		{CA264A31-ADE3-4721-B483-8082B1386F13}.Release|Win32.Build.0 = Release|Win32
		{CA264A31-ADE3-4721-B483-8082B1386F13}.Release|x64.ActiveCfg = Release|x64
		{CA264A31-ADE3-4721-B483-8082B1386F13}.Release|x64.Build.0 = Release|x64
		{839D0C2A-E8CC-4FD6-AA57-3A9CF3F700AC}.Debug|Win32.ActiveCfg = Debug|Win32
		{839D0C2A-E8CC-4FD6-AA57-3A9CF3F700AC}.Debug|Win32.Build.0 = Debug|Win32
		{839D0C2A-E8CC-4FD6-AA57-3A9CF3F700AC}.Debug|x64.ActiveCfg = Debug|x64
		{839D0C2A-E8CC-4FD6-AA57-3A9CF3F700AC}.Debug|x64.Build.0 = Debug|x64
		{839D0C2A-E8CC-4FD6-AA57-3A9CF3F700AC}.Release|Win32.ActiveCfg = Release|Win32
		{839D0C2A-E8CC-4FD6-AA57-3A9CF3F700AC}.Release|Win32.Build.0 = Release|Win32
		{839D0C2A-E8CC-4FD6-AA57-3A9CF3F700AC}.Release|x64.ActiveCfg = Release|x64
		{839D0C2A-E8CC-4FD6-AA57-3A9CF3F700AC}.Release|x64.Build.0 = Release|x64
	EndGlobalSection
	GlobalSection(SolutionProperties) = preSolution
		HideSolutionNode = FALSE
	EndGlobalSection
	GlobalSection(ExtensibilityGlobals) = postSolution
		SolutionGuid = {91B866E1-603E-452C-8833-B8815476D11B}
	EndGlobalSection
EndGlobal
